
Microsoft Visual Studio Solution File, Format Version 12.00
# Visual Studio Version 17
VisualStudioVersion = 17.10.35027.167
MinimumVisualStudioVersion = 10.0.40219.1
Project("{FAE04EC0-301F-11D3-BF4B-00C04F79EFBC}") = "LinqTask", "LinqTask\LinqTask.csproj", "{99D4C56A-12D6-4308-9C1A-8228895A348C}"
EndProject
Global
	GlobalSection(SolutionConfigurationPlatforms) = preSolution
		Debug|Any CPU = Debug|Any CPU
		Release|Any CPU = Release|Any CPU
	EndGlobalSection
	GlobalSection(ProjectConfigurationPlatforms) = postSolution
		{99D4C56A-12D6-4308-9C1A-8228895A348C}.Debug|Any CPU.ActiveCfg = Debug|Any CPU
		{99D4C56A-12D6-4308-9C1A-8228895A348C}.Debug|Any CPU.Build.0 = Debug|Any CPU
		{99D4C56A-12D6-4308-9C1A-8228895A348C}.Release|Any CPU.ActiveCfg = Release|Any CPU
		{99D4C56A-12D6-4308-9C1A-8228895A348C}.Release|Any CPU.Build.0 = Release|Any CPU
	EndGlobalSection
	GlobalSection(SolutionProperties) = preSolution
		HideSolutionNode = FALSE
	EndGlobalSection
	GlobalSection(ExtensibilityGlobals) = postSolution
		SolutionGuid = {19AD3D08-8955-4479-8768-20E8072C225C}
	EndGlobalSection
EndGlobal
